// !$*UTF8*$!
{
	archiveVersion = 1;
	classes = {
	};
	objectVersion = 51;
	objects = {

/* Begin PBXBuildFile section */
		3618D50C26202E0E00F9F339 /* SongsCoordinator.swift in Sources */ = {isa = PBXBuildFile; fileRef = 3618D50B26202E0E00F9F339 /* SongsCoordinator.swift */; };
		3618D50F26202E3C00F9F339 /* ArtistsCoordinator.swift in Sources */ = {isa = PBXBuildFile; fileRef = 3618D50E26202E3C00F9F339 /* ArtistsCoordinator.swift */; };
		3618D51226202E4800F9F339 /* ProfileCoordinator.swift in Sources */ = {isa = PBXBuildFile; fileRef = 3618D51126202E4800F9F339 /* ProfileCoordinator.swift */; };
		3618D51726202E5C00F9F339 /* AlbumsCoordinator.swift in Sources */ = {isa = PBXBuildFile; fileRef = 3618D51626202E5C00F9F339 /* AlbumsCoordinator.swift */; };
		3618D5242620497E00F9F339 /* SongsViewModel.swift in Sources */ = {isa = PBXBuildFile; fileRef = 3618D5232620497E00F9F339 /* SongsViewModel.swift */; };
		3618D5272620498C00F9F339 /* ArtistsViewModel.swift in Sources */ = {isa = PBXBuildFile; fileRef = 3618D5262620498C00F9F339 /* ArtistsViewModel.swift */; };
		3618D52A2620499B00F9F339 /* AlbumsViewModel.swift in Sources */ = {isa = PBXBuildFile; fileRef = 3618D5292620499B00F9F339 /* AlbumsViewModel.swift */; };
		3618D52D262049A800F9F339 /* ProfileViewModel.swift in Sources */ = {isa = PBXBuildFile; fileRef = 3618D52C262049A800F9F339 /* ProfileViewModel.swift */; };
		3639039B261C6DEA0038DC2E /* R.generated.swift in Sources */ = {isa = PBXBuildFile; fileRef = 3639039A261C6DEA0038DC2E /* R.generated.swift */; };
		363903A3261C79450038DC2E /* Localizable.strings in Resources */ = {isa = PBXBuildFile; fileRef = 363903A5261C79450038DC2E /* Localizable.strings */; };
		364C5142261C39B8004986DE /* Constants.swift in Sources */ = {isa = PBXBuildFile; fileRef = 364C5141261C39B8004986DE /* Constants.swift */; };
		364C5146261C39E6004986DE /* View+Extension.swift in Sources */ = {isa = PBXBuildFile; fileRef = 364C5145261C39E6004986DE /* View+Extension.swift */; };
		365B429F261B1E9F008474D1 /* AppDelegate.swift in Sources */ = {isa = PBXBuildFile; fileRef = 365B429E261B1E9F008474D1 /* AppDelegate.swift */; };
		365B42A1261B1E9F008474D1 /* SceneDelegate.swift in Sources */ = {isa = PBXBuildFile; fileRef = 365B42A0261B1E9F008474D1 /* SceneDelegate.swift */; };
		365B42A8261B1EA7008474D1 /* Assets.xcassets in Resources */ = {isa = PBXBuildFile; fileRef = 365B42A7261B1EA7008474D1 /* Assets.xcassets */; };
		365B42AB261B1EA7008474D1 /* LaunchScreen.storyboard in Resources */ = {isa = PBXBuildFile; fileRef = 365B42A9261B1EA7008474D1 /* LaunchScreen.storyboard */; };
		366762D3261C409400B80381 /* LoginViewController.swift in Sources */ = {isa = PBXBuildFile; fileRef = 366762D2261C409400B80381 /* LoginViewController.swift */; };
		366762D6261C40C200B80381 /* UIUtilities.swift in Sources */ = {isa = PBXBuildFile; fileRef = 366762D5261C40C200B80381 /* UIUtilities.swift */; };
		366762DA261C410800B80381 /* UIColor+Extension.swift in Sources */ = {isa = PBXBuildFile; fileRef = 366762D9261C410800B80381 /* UIColor+Extension.swift */; };
		366762DD261C413600B80381 /* UIViewController+Extension.swift in Sources */ = {isa = PBXBuildFile; fileRef = 366762DC261C413600B80381 /* UIViewController+Extension.swift */; };
		366762E1261C455100B80381 /* RegistrationViewController.swift in Sources */ = {isa = PBXBuildFile; fileRef = 366762E0261C455100B80381 /* RegistrationViewController.swift */; };
		366762E4261C458A00B80381 /* PasswordRecoveryViewController.swift in Sources */ = {isa = PBXBuildFile; fileRef = 366762E3261C458A00B80381 /* PasswordRecoveryViewController.swift */; };
		3673DA67261CA4960023A2BC /* ValidateParameters.swift in Sources */ = {isa = PBXBuildFile; fileRef = 3673DA66261CA4960023A2BC /* ValidateParameters.swift */; };
		3673DA6B261CA4CA0023A2BC /* LoginViewModel.swift in Sources */ = {isa = PBXBuildFile; fileRef = 3673DA6A261CA4CA0023A2BC /* LoginViewModel.swift */; };
		3673DA6F261CA5230023A2BC /* ViewModelType+Protocol.swift in Sources */ = {isa = PBXBuildFile; fileRef = 3673DA6E261CA5230023A2BC /* ViewModelType+Protocol.swift */; };
		3673DA72261CA5BA0023A2BC /* RegistrationViewModel.swift in Sources */ = {isa = PBXBuildFile; fileRef = 3673DA71261CA5BA0023A2BC /* RegistrationViewModel.swift */; };
		3673DA75261CA5C90023A2BC /* PasswordRecoveryViewModel.swift in Sources */ = {isa = PBXBuildFile; fileRef = 3673DA74261CA5C90023A2BC /* PasswordRecoveryViewModel.swift */; };
		36C86167261D9F520026E696 /* Coordinator+Protocol.swift in Sources */ = {isa = PBXBuildFile; fileRef = 36C86166261D9F520026E696 /* Coordinator+Protocol.swift */; };
		36C8616A261DA1EB0026E696 /* BaseCoordinator.swift in Sources */ = {isa = PBXBuildFile; fileRef = 36C86169261DA1EB0026E696 /* BaseCoordinator.swift */; };
		36C8616D261DA2670026E696 /* LoginCoordinator.swift in Sources */ = {isa = PBXBuildFile; fileRef = 36C8616C261DA2670026E696 /* LoginCoordinator.swift */; };
		36E04576261DAE3300A94507 /* AppCoordinator.swift in Sources */ = {isa = PBXBuildFile; fileRef = 36E04575261DAE3300A94507 /* AppCoordinator.swift */; };
		36E0457B261DB46800A94507 /* RegistrationCoordinator.swift in Sources */ = {isa = PBXBuildFile; fileRef = 36E0457A261DB46800A94507 /* RegistrationCoordinator.swift */; };
		36E0457E261DE08E00A94507 /* Drawable+Protocol.swift in Sources */ = {isa = PBXBuildFile; fileRef = 36E0457D261DE08E00A94507 /* Drawable+Protocol.swift */; };
		36E04581261DE0DF00A94507 /* Router+Protocol.swift in Sources */ = {isa = PBXBuildFile; fileRef = 36E04580261DE0DF00A94507 /* Router+Protocol.swift */; };
		36E04585261DE12400A94507 /* Router.swift in Sources */ = {isa = PBXBuildFile; fileRef = 36E04584261DE12400A94507 /* Router.swift */; };
		36E0458A261DEE2400A94507 /* PasswordRecoveryCoordinator.swift in Sources */ = {isa = PBXBuildFile; fileRef = 36E04589261DEE2400A94507 /* PasswordRecoveryCoordinator.swift */; };
		36F666D1261F120C00126898 /* TabCoordinator.swift in Sources */ = {isa = PBXBuildFile; fileRef = 36F666D0261F120C00126898 /* TabCoordinator.swift */; };
		36F666D8261F16DC00126898 /* SongsViewController.swift in Sources */ = {isa = PBXBuildFile; fileRef = 36F666D7261F16DC00126898 /* SongsViewController.swift */; };
		36F666DB261F16E800126898 /* ArtistsViewController.swift in Sources */ = {isa = PBXBuildFile; fileRef = 36F666DA261F16E800126898 /* ArtistsViewController.swift */; };
		36F666DE261F16F300126898 /* ProfileViewController.swift in Sources */ = {isa = PBXBuildFile; fileRef = 36F666DD261F16F300126898 /* ProfileViewController.swift */; };
		36F666E1261F170100126898 /* AlbumsViewController.swift in Sources */ = {isa = PBXBuildFile; fileRef = 36F666E0261F170100126898 /* AlbumsViewController.swift */; };
		36F666E7261F1D3400126898 /* TabBarPage.swift in Sources */ = {isa = PBXBuildFile; fileRef = 36F666E6261F1D3400126898 /* TabBarPage.swift */; };
		AC0F815541DA602541B464C0 /* Pods_Musification.framework in Frameworks */ = {isa = PBXBuildFile; fileRef = 595364864E62C3CEE9AE3B9B /* Pods_Musification.framework */; };
/* End PBXBuildFile section */

/* Begin PBXFileReference section */
		003D93B27E1C95B7183F8AB1 /* Pods-Musification.release.xcconfig */ = {isa = PBXFileReference; includeInIndex = 1; lastKnownFileType = text.xcconfig; name = "Pods-Musification.release.xcconfig"; path = "Target Support Files/Pods-Musification/Pods-Musification.release.xcconfig"; sourceTree = "<group>"; };
		3618D50B26202E0E00F9F339 /* SongsCoordinator.swift */ = {isa = PBXFileReference; lastKnownFileType = sourcecode.swift; path = SongsCoordinator.swift; sourceTree = "<group>"; };
		3618D50E26202E3C00F9F339 /* ArtistsCoordinator.swift */ = {isa = PBXFileReference; lastKnownFileType = sourcecode.swift; path = ArtistsCoordinator.swift; sourceTree = "<group>"; };
		3618D51126202E4800F9F339 /* ProfileCoordinator.swift */ = {isa = PBXFileReference; lastKnownFileType = sourcecode.swift; path = ProfileCoordinator.swift; sourceTree = "<group>"; };
		3618D51626202E5C00F9F339 /* AlbumsCoordinator.swift */ = {isa = PBXFileReference; lastKnownFileType = sourcecode.swift; path = AlbumsCoordinator.swift; sourceTree = "<group>"; };
		3618D5232620497E00F9F339 /* SongsViewModel.swift */ = {isa = PBXFileReference; lastKnownFileType = sourcecode.swift; path = SongsViewModel.swift; sourceTree = "<group>"; };
		3618D5262620498C00F9F339 /* ArtistsViewModel.swift */ = {isa = PBXFileReference; lastKnownFileType = sourcecode.swift; path = ArtistsViewModel.swift; sourceTree = "<group>"; };
		3618D5292620499B00F9F339 /* AlbumsViewModel.swift */ = {isa = PBXFileReference; lastKnownFileType = sourcecode.swift; path = AlbumsViewModel.swift; sourceTree = "<group>"; };
		3618D52C262049A800F9F339 /* ProfileViewModel.swift */ = {isa = PBXFileReference; lastKnownFileType = sourcecode.swift; path = ProfileViewModel.swift; sourceTree = "<group>"; };
		3639039A261C6DEA0038DC2E /* R.generated.swift */ = {isa = PBXFileReference; fileEncoding = 4; lastKnownFileType = sourcecode.swift; path = R.generated.swift; sourceTree = SOURCE_ROOT; };
		363903A6261C79480038DC2E /* en */ = {isa = PBXFileReference; lastKnownFileType = text.plist.strings; name = en; path = en.lproj/Localizable.strings; sourceTree = "<group>"; };
		363903A8261C81BB0038DC2E /* ja */ = {isa = PBXFileReference; lastKnownFileType = text.plist.strings; name = ja; path = ja.lproj/LaunchScreen.strings; sourceTree = "<group>"; };
		363903A9261C81BB0038DC2E /* ja */ = {isa = PBXFileReference; lastKnownFileType = text.plist.strings; name = ja; path = ja.lproj/Localizable.strings; sourceTree = "<group>"; };
		364C5141261C39B8004986DE /* Constants.swift */ = {isa = PBXFileReference; lastKnownFileType = sourcecode.swift; path = Constants.swift; sourceTree = "<group>"; };
		364C5145261C39E6004986DE /* View+Extension.swift */ = {isa = PBXFileReference; lastKnownFileType = sourcecode.swift; path = "View+Extension.swift"; sourceTree = "<group>"; };
		365B429B261B1E9F008474D1 /* Musification.app */ = {isa = PBXFileReference; explicitFileType = wrapper.application; includeInIndex = 0; path = Musification.app; sourceTree = BUILT_PRODUCTS_DIR; };
		365B429E261B1E9F008474D1 /* AppDelegate.swift */ = {isa = PBXFileReference; lastKnownFileType = sourcecode.swift; path = AppDelegate.swift; sourceTree = "<group>"; };
		365B42A0261B1E9F008474D1 /* SceneDelegate.swift */ = {isa = PBXFileReference; lastKnownFileType = sourcecode.swift; path = SceneDelegate.swift; sourceTree = "<group>"; };
		365B42A7261B1EA7008474D1 /* Assets.xcassets */ = {isa = PBXFileReference; lastKnownFileType = folder.assetcatalog; path = Assets.xcassets; sourceTree = "<group>"; };
		365B42AA261B1EA7008474D1 /* Base */ = {isa = PBXFileReference; lastKnownFileType = file.storyboard; name = Base; path = Base.lproj/LaunchScreen.storyboard; sourceTree = "<group>"; };
		365B42AC261B1EA7008474D1 /* Info.plist */ = {isa = PBXFileReference; lastKnownFileType = text.plist.xml; path = Info.plist; sourceTree = "<group>"; };
		366762D2261C409400B80381 /* LoginViewController.swift */ = {isa = PBXFileReference; lastKnownFileType = sourcecode.swift; path = LoginViewController.swift; sourceTree = "<group>"; };
		366762D5261C40C200B80381 /* UIUtilities.swift */ = {isa = PBXFileReference; lastKnownFileType = sourcecode.swift; path = UIUtilities.swift; sourceTree = "<group>"; };
		366762D9261C410800B80381 /* UIColor+Extension.swift */ = {isa = PBXFileReference; lastKnownFileType = sourcecode.swift; path = "UIColor+Extension.swift"; sourceTree = "<group>"; };
		366762DC261C413600B80381 /* UIViewController+Extension.swift */ = {isa = PBXFileReference; lastKnownFileType = sourcecode.swift; path = "UIViewController+Extension.swift"; sourceTree = "<group>"; };
		366762E0261C455100B80381 /* RegistrationViewController.swift */ = {isa = PBXFileReference; lastKnownFileType = sourcecode.swift; path = RegistrationViewController.swift; sourceTree = "<group>"; };
		366762E3261C458A00B80381 /* PasswordRecoveryViewController.swift */ = {isa = PBXFileReference; lastKnownFileType = sourcecode.swift; path = PasswordRecoveryViewController.swift; sourceTree = "<group>"; };
		3673DA66261CA4960023A2BC /* ValidateParameters.swift */ = {isa = PBXFileReference; fileEncoding = 4; lastKnownFileType = sourcecode.swift; path = ValidateParameters.swift; sourceTree = "<group>"; };
		3673DA6A261CA4CA0023A2BC /* LoginViewModel.swift */ = {isa = PBXFileReference; lastKnownFileType = sourcecode.swift; path = LoginViewModel.swift; sourceTree = "<group>"; };
		3673DA6E261CA5230023A2BC /* ViewModelType+Protocol.swift */ = {isa = PBXFileReference; fileEncoding = 4; lastKnownFileType = sourcecode.swift; path = "ViewModelType+Protocol.swift"; sourceTree = "<group>"; };
		3673DA71261CA5BA0023A2BC /* RegistrationViewModel.swift */ = {isa = PBXFileReference; lastKnownFileType = sourcecode.swift; path = RegistrationViewModel.swift; sourceTree = "<group>"; };
		3673DA74261CA5C90023A2BC /* PasswordRecoveryViewModel.swift */ = {isa = PBXFileReference; lastKnownFileType = sourcecode.swift; path = PasswordRecoveryViewModel.swift; sourceTree = "<group>"; };
		36C86166261D9F520026E696 /* Coordinator+Protocol.swift */ = {isa = PBXFileReference; lastKnownFileType = sourcecode.swift; path = "Coordinator+Protocol.swift"; sourceTree = "<group>"; };
		36C86169261DA1EB0026E696 /* BaseCoordinator.swift */ = {isa = PBXFileReference; lastKnownFileType = sourcecode.swift; path = BaseCoordinator.swift; sourceTree = "<group>"; };
		36C8616C261DA2670026E696 /* LoginCoordinator.swift */ = {isa = PBXFileReference; lastKnownFileType = sourcecode.swift; path = LoginCoordinator.swift; sourceTree = "<group>"; };
		36E04575261DAE3300A94507 /* AppCoordinator.swift */ = {isa = PBXFileReference; lastKnownFileType = sourcecode.swift; path = AppCoordinator.swift; sourceTree = "<group>"; };
		36E0457A261DB46800A94507 /* RegistrationCoordinator.swift */ = {isa = PBXFileReference; lastKnownFileType = sourcecode.swift; path = RegistrationCoordinator.swift; sourceTree = "<group>"; };
		36E0457D261DE08E00A94507 /* Drawable+Protocol.swift */ = {isa = PBXFileReference; lastKnownFileType = sourcecode.swift; path = "Drawable+Protocol.swift"; sourceTree = "<group>"; };
		36E04580261DE0DF00A94507 /* Router+Protocol.swift */ = {isa = PBXFileReference; lastKnownFileType = sourcecode.swift; path = "Router+Protocol.swift"; sourceTree = "<group>"; };
		36E04584261DE12400A94507 /* Router.swift */ = {isa = PBXFileReference; lastKnownFileType = sourcecode.swift; path = Router.swift; sourceTree = "<group>"; };
		36E04589261DEE2400A94507 /* PasswordRecoveryCoordinator.swift */ = {isa = PBXFileReference; lastKnownFileType = sourcecode.swift; path = PasswordRecoveryCoordinator.swift; sourceTree = "<group>"; };
		36F666D0261F120C00126898 /* TabCoordinator.swift */ = {isa = PBXFileReference; lastKnownFileType = sourcecode.swift; path = TabCoordinator.swift; sourceTree = "<group>"; };
		36F666D7261F16DC00126898 /* SongsViewController.swift */ = {isa = PBXFileReference; lastKnownFileType = sourcecode.swift; path = SongsViewController.swift; sourceTree = "<group>"; };
		36F666DA261F16E800126898 /* ArtistsViewController.swift */ = {isa = PBXFileReference; lastKnownFileType = sourcecode.swift; path = ArtistsViewController.swift; sourceTree = "<group>"; };
		36F666DD261F16F300126898 /* ProfileViewController.swift */ = {isa = PBXFileReference; lastKnownFileType = sourcecode.swift; path = ProfileViewController.swift; sourceTree = "<group>"; };
		36F666E0261F170100126898 /* AlbumsViewController.swift */ = {isa = PBXFileReference; lastKnownFileType = sourcecode.swift; path = AlbumsViewController.swift; sourceTree = "<group>"; };
		36F666E6261F1D3400126898 /* TabBarPage.swift */ = {isa = PBXFileReference; lastKnownFileType = sourcecode.swift; path = TabBarPage.swift; sourceTree = "<group>"; };
		595364864E62C3CEE9AE3B9B /* Pods_Musification.framework */ = {isa = PBXFileReference; explicitFileType = wrapper.framework; includeInIndex = 0; path = Pods_Musification.framework; sourceTree = BUILT_PRODUCTS_DIR; };
		C229E8415B33EB9D145B26E3 /* Pods-Musification.debug.xcconfig */ = {isa = PBXFileReference; includeInIndex = 1; lastKnownFileType = text.xcconfig; name = "Pods-Musification.debug.xcconfig"; path = "Target Support Files/Pods-Musification/Pods-Musification.debug.xcconfig"; sourceTree = "<group>"; };
/* End PBXFileReference section */

/* Begin PBXFrameworksBuildPhase section */
		365B4298261B1E9F008474D1 /* Frameworks */ = {
			isa = PBXFrameworksBuildPhase;
			buildActionMask = 2147483647;
			files = (
				AC0F815541DA602541B464C0 /* Pods_Musification.framework in Frameworks */,
			);
			runOnlyForDeploymentPostprocessing = 0;
		};
/* End PBXFrameworksBuildPhase section */

/* Begin PBXGroup section */
		172D8B4E4A9F03DB7DD188F0 /* Frameworks */ = {
			isa = PBXGroup;
			children = (
				595364864E62C3CEE9AE3B9B /* Pods_Musification.framework */,
			);
			name = Frameworks;
			sourceTree = "<group>";
		};
		3618D50926202DB000F9F339 /* Main */ = {
			isa = PBXGroup;
			children = (
				36F666E5261F1D0900126898 /* TabCoordinator */,
				3618D50B26202E0E00F9F339 /* SongsCoordinator.swift */,
				3618D50E26202E3C00F9F339 /* ArtistsCoordinator.swift */,
				3618D51626202E5C00F9F339 /* AlbumsCoordinator.swift */,
				3618D51126202E4800F9F339 /* ProfileCoordinator.swift */,
			);
			path = Main;
			sourceTree = "<group>";
		};
		3618D5222620493E00F9F339 /* Main */ = {
			isa = PBXGroup;
			children = (
				3618D5232620497E00F9F339 /* SongsViewModel.swift */,
				3618D5262620498C00F9F339 /* ArtistsViewModel.swift */,
				3618D5292620499B00F9F339 /* AlbumsViewModel.swift */,
				3618D52C262049A800F9F339 /* ProfileViewModel.swift */,
			);
			path = Main;
			sourceTree = "<group>";
		};
		36222C9C261DFFDE008E2C2C /* Authentication */ = {
			isa = PBXGroup;
			children = (
				36C8616C261DA2670026E696 /* LoginCoordinator.swift */,
				36E0457A261DB46800A94507 /* RegistrationCoordinator.swift */,
				36E04589261DEE2400A94507 /* PasswordRecoveryCoordinator.swift */,
			);
			path = Authentication;
			sourceTree = "<group>";
		};
		36390399261C6DB20038DC2E /* Localization */ = {
			isa = PBXGroup;
			children = (
				3639039A261C6DEA0038DC2E /* R.generated.swift */,
				363903A5261C79450038DC2E /* Localizable.strings */,
			);
			path = Localization;
			sourceTree = "<group>";
		};
		363903AC261C9F980038DC2E /* Helpers */ = {
			isa = PBXGroup;
			children = (
				3673DA66261CA4960023A2BC /* ValidateParameters.swift */,
				364C5141261C39B8004986DE /* Constants.swift */,
			);
			path = Helpers;
			sourceTree = "<group>";
		};
		364C513A261C3900004986DE /* Application */ = {
			isa = PBXGroup;
			children = (
				365B429E261B1E9F008474D1 /* AppDelegate.swift */,
				365B42A0261B1E9F008474D1 /* SceneDelegate.swift */,
			);
			path = Application;
			sourceTree = "<group>";
		};
		364C513B261C390D004986DE /* ViewModel */ = {
			isa = PBXGroup;
			children = (
				3673DA6E261CA5230023A2BC /* ViewModelType+Protocol.swift */,
				3673DA69261CA4B80023A2BC /* Authentication */,
				3618D5222620493E00F9F339 /* Main */,
			);
			path = ViewModel;
			sourceTree = "<group>";
		};
		364C513C261C3919004986DE /* View */ = {
			isa = PBXGroup;
			children = (
				366762DF261C44E400B80381 /* Authentication */,
				36F666D6261F16BB00126898 /* Main */,
			);
			path = View;
			sourceTree = "<group>";
		};
		364C513D261C3925004986DE /* Model */ = {
			isa = PBXGroup;
			children = (
			);
			path = Model;
			sourceTree = "<group>";
		};
		364C513E261C3945004986DE /* Extensions */ = {
			isa = PBXGroup;
			children = (
				364C5145261C39E6004986DE /* View+Extension.swift */,
				366762D9261C410800B80381 /* UIColor+Extension.swift */,
				366762DC261C413600B80381 /* UIViewController+Extension.swift */,
			);
			path = Extensions;
			sourceTree = "<group>";
		};
		364C5140261C3969004986DE /* Utilities */ = {
			isa = PBXGroup;
			children = (
				366762D5261C40C200B80381 /* UIUtilities.swift */,
			);
			path = Utilities;
			sourceTree = "<group>";
		};
		365B4292261B1E9F008474D1 = {
			isa = PBXGroup;
			children = (
				365B429D261B1E9F008474D1 /* Musification */,
				365B429C261B1E9F008474D1 /* Products */,
				6879FF06D7EE42E51AB43422 /* Pods */,
				172D8B4E4A9F03DB7DD188F0 /* Frameworks */,
			);
			sourceTree = "<group>";
		};
		365B429C261B1E9F008474D1 /* Products */ = {
			isa = PBXGroup;
			children = (
				365B429B261B1E9F008474D1 /* Musification.app */,
			);
			name = Products;
			sourceTree = "<group>";
		};
		365B429D261B1E9F008474D1 /* Musification */ = {
			isa = PBXGroup;
			children = (
				364C513A261C3900004986DE /* Application */,
				36E04583261DE10800A94507 /* Router */,
				36C86165261D9F100026E696 /* Coordinator */,
				364C513D261C3925004986DE /* Model */,
				364C513C261C3919004986DE /* View */,
				364C513B261C390D004986DE /* ViewModel */,
				364C513E261C3945004986DE /* Extensions */,
				364C5140261C3969004986DE /* Utilities */,
				363903AC261C9F980038DC2E /* Helpers */,
				36390399261C6DB20038DC2E /* Localization */,
				365B42A7261B1EA7008474D1 /* Assets.xcassets */,
				365B42A9261B1EA7008474D1 /* LaunchScreen.storyboard */,
				365B42AC261B1EA7008474D1 /* Info.plist */,
			);
			path = Musification;
			sourceTree = "<group>";
		};
		366762DF261C44E400B80381 /* Authentication */ = {
			isa = PBXGroup;
			children = (
				366762D2261C409400B80381 /* LoginViewController.swift */,
				366762E0261C455100B80381 /* RegistrationViewController.swift */,
				366762E3261C458A00B80381 /* PasswordRecoveryViewController.swift */,
			);
			path = Authentication;
			sourceTree = "<group>";
		};
		3673DA69261CA4B80023A2BC /* Authentication */ = {
			isa = PBXGroup;
			children = (
				3673DA6A261CA4CA0023A2BC /* LoginViewModel.swift */,
				3673DA71261CA5BA0023A2BC /* RegistrationViewModel.swift */,
				3673DA74261CA5C90023A2BC /* PasswordRecoveryViewModel.swift */,
			);
			path = Authentication;
			sourceTree = "<group>";
		};
		36C86165261D9F100026E696 /* Coordinator */ = {
			isa = PBXGroup;
			children = (
				36F666B5261F0C0200126898 /* Protocols */,
				36C86169261DA1EB0026E696 /* BaseCoordinator.swift */,
				36E04575261DAE3300A94507 /* AppCoordinator.swift */,
				36222C9C261DFFDE008E2C2C /* Authentication */,
				3618D50926202DB000F9F339 /* Main */,
			);
			path = Coordinator;
			sourceTree = "<group>";
		};
		36E04583261DE10800A94507 /* Router */ = {
			isa = PBXGroup;
			children = (
				36E04584261DE12400A94507 /* Router.swift */,
				36E04580261DE0DF00A94507 /* Router+Protocol.swift */,
				36E0457D261DE08E00A94507 /* Drawable+Protocol.swift */,
			);
			path = Router;
			sourceTree = "<group>";
		};
		36F666B5261F0C0200126898 /* Protocols */ = {
			isa = PBXGroup;
			children = (
				36C86166261D9F520026E696 /* Coordinator+Protocol.swift */,
			);
			path = Protocols;
			sourceTree = "<group>";
		};
		36F666D6261F16BB00126898 /* Main */ = {
			isa = PBXGroup;
			children = (
				36F666D7261F16DC00126898 /* SongsViewController.swift */,
				36F666DA261F16E800126898 /* ArtistsViewController.swift */,
				36F666E0261F170100126898 /* AlbumsViewController.swift */,
				36F666DD261F16F300126898 /* ProfileViewController.swift */,
			);
			path = Main;
			sourceTree = "<group>";
		};
		36F666E5261F1D0900126898 /* TabCoordinator */ = {
			isa = PBXGroup;
			children = (
				36F666D0261F120C00126898 /* TabCoordinator.swift */,
				36F666E6261F1D3400126898 /* TabBarPage.swift */,
			);
			path = TabCoordinator;
			sourceTree = "<group>";
		};
		6879FF06D7EE42E51AB43422 /* Pods */ = {
			isa = PBXGroup;
			children = (
				C229E8415B33EB9D145B26E3 /* Pods-Musification.debug.xcconfig */,
				003D93B27E1C95B7183F8AB1 /* Pods-Musification.release.xcconfig */,
			);
			path = Pods;
			sourceTree = "<group>";
		};
/* End PBXGroup section */

/* Begin PBXNativeTarget section */
		365B429A261B1E9F008474D1 /* Musification */ = {
			isa = PBXNativeTarget;
			buildConfigurationList = 365B42AF261B1EA7008474D1 /* Build configuration list for PBXNativeTarget "Musification" */;
			buildPhases = (
				F6CFCE81D85467383564CAB9 /* [CP] Check Pods Manifest.lock */,
				36390397261C6C6A0038DC2E /* RSwift */,
				365B4297261B1E9F008474D1 /* Sources */,
				365B4298261B1E9F008474D1 /* Frameworks */,
				365B4299261B1E9F008474D1 /* Resources */,
				FC758E22F08076F0B35F6578 /* [CP] Embed Pods Frameworks */,
			);
			buildRules = (
			);
			dependencies = (
			);
			name = Musification;
			productName = Musification;
			productReference = 365B429B261B1E9F008474D1 /* Musification.app */;
			productType = "com.apple.product-type.application";
		};
/* End PBXNativeTarget section */

/* Begin PBXProject section */
		365B4293261B1E9F008474D1 /* Project object */ = {
			isa = PBXProject;
			attributes = {
				LastSwiftUpdateCheck = 1230;
				LastUpgradeCheck = 1230;
				TargetAttributes = {
					365B429A261B1E9F008474D1 = {
						CreatedOnToolsVersion = 12.3;
					};
				};
			};
			buildConfigurationList = 365B4296261B1E9F008474D1 /* Build configuration list for PBXProject "Musification" */;
			compatibilityVersion = "Xcode 9.3";
			developmentRegion = en;
			hasScannedForEncodings = 0;
			knownRegions = (
				en,
				Base,
				ja,
			);
			mainGroup = 365B4292261B1E9F008474D1;
			productRefGroup = 365B429C261B1E9F008474D1 /* Products */;
			projectDirPath = "";
			projectRoot = "";
			targets = (
				365B429A261B1E9F008474D1 /* Musification */,
			);
		};
/* End PBXProject section */

/* Begin PBXResourcesBuildPhase section */
		365B4299261B1E9F008474D1 /* Resources */ = {
			isa = PBXResourcesBuildPhase;
			buildActionMask = 2147483647;
			files = (
				365B42AB261B1EA7008474D1 /* LaunchScreen.storyboard in Resources */,
				363903A3261C79450038DC2E /* Localizable.strings in Resources */,
				365B42A8261B1EA7008474D1 /* Assets.xcassets in Resources */,
			);
			runOnlyForDeploymentPostprocessing = 0;
		};
/* End PBXResourcesBuildPhase section */

/* Begin PBXShellScriptBuildPhase section */
		36390397261C6C6A0038DC2E /* RSwift */ = {
			isa = PBXShellScriptBuildPhase;
			buildActionMask = 2147483647;
			files = (
			);
			inputFileListPaths = (
			);
			inputPaths = (
				"$TEMP_DIR/rswift-lastrun",
			);
			name = RSwift;
			outputFileListPaths = (
			);
			outputPaths = (
				$SRCROOT/R.generated.swift,
			);
			runOnlyForDeploymentPostprocessing = 0;
			shellPath = /bin/sh;
			shellScript = "\"$PODS_ROOT/R.swift/rswift\" generate \"$SRCROOT/R.generated.swift\"\n";
		};
		F6CFCE81D85467383564CAB9 /* [CP] Check Pods Manifest.lock */ = {
			isa = PBXShellScriptBuildPhase;
			buildActionMask = 2147483647;
			files = (
			);
			inputFileListPaths = (
			);
			inputPaths = (
				"${PODS_PODFILE_DIR_PATH}/Podfile.lock",
				"${PODS_ROOT}/Manifest.lock",
			);
			name = "[CP] Check Pods Manifest.lock";
			outputFileListPaths = (
			);
			outputPaths = (
				"$(DERIVED_FILE_DIR)/Pods-Musification-checkManifestLockResult.txt",
			);
			runOnlyForDeploymentPostprocessing = 0;
			shellPath = /bin/sh;
			shellScript = "diff \"${PODS_PODFILE_DIR_PATH}/Podfile.lock\" \"${PODS_ROOT}/Manifest.lock\" > /dev/null\nif [ $? != 0 ] ; then\n    # print error to STDERR\n    echo \"error: The sandbox is not in sync with the Podfile.lock. Run 'pod install' or update your CocoaPods installation.\" >&2\n    exit 1\nfi\n# This output is used by Xcode 'outputs' to avoid re-running this script phase.\necho \"SUCCESS\" > \"${SCRIPT_OUTPUT_FILE_0}\"\n";
			showEnvVarsInLog = 0;
		};
		FC758E22F08076F0B35F6578 /* [CP] Embed Pods Frameworks */ = {
			isa = PBXShellScriptBuildPhase;
			buildActionMask = 2147483647;
			files = (
			);
			inputFileListPaths = (
				"${PODS_ROOT}/Target Support Files/Pods-Musification/Pods-Musification-frameworks-${CONFIGURATION}-input-files.xcfilelist",
			);
			name = "[CP] Embed Pods Frameworks";
			outputFileListPaths = (
				"${PODS_ROOT}/Target Support Files/Pods-Musification/Pods-Musification-frameworks-${CONFIGURATION}-output-files.xcfilelist",
			);
			runOnlyForDeploymentPostprocessing = 0;
			shellPath = /bin/sh;
			shellScript = "\"${PODS_ROOT}/Target Support Files/Pods-Musification/Pods-Musification-frameworks.sh\"\n";
			showEnvVarsInLog = 0;
		};
/* End PBXShellScriptBuildPhase section */

/* Begin PBXSourcesBuildPhase section */
		365B4297261B1E9F008474D1 /* Sources */ = {
			isa = PBXSourcesBuildPhase;
			buildActionMask = 2147483647;
			files = (
				366762DD261C413600B80381 /* UIViewController+Extension.swift in Sources */,
				36F666D1261F120C00126898 /* TabCoordinator.swift in Sources */,
				36C8616A261DA1EB0026E696 /* BaseCoordinator.swift in Sources */,
				36F666DB261F16E800126898 /* ArtistsViewController.swift in Sources */,
				3618D51226202E4800F9F339 /* ProfileCoordinator.swift in Sources */,
				36F666E1261F170100126898 /* AlbumsViewController.swift in Sources */,
				3673DA67261CA4960023A2BC /* ValidateParameters.swift in Sources */,
				366762DA261C410800B80381 /* UIColor+Extension.swift in Sources */,
				365B429F261B1E9F008474D1 /* AppDelegate.swift in Sources */,
				3618D5272620498C00F9F339 /* ArtistsViewModel.swift in Sources */,
				3618D52A2620499B00F9F339 /* AlbumsViewModel.swift in Sources */,
				3618D5242620497E00F9F339 /* SongsViewModel.swift in Sources */,
				366762E1261C455100B80381 /* RegistrationViewController.swift in Sources */,
				365B42A1261B1E9F008474D1 /* SceneDelegate.swift in Sources */,
				36C86167261D9F520026E696 /* Coordinator+Protocol.swift in Sources */,
				36F666DE261F16F300126898 /* ProfileViewController.swift in Sources */,
				364C5146261C39E6004986DE /* View+Extension.swift in Sources */,
				366762D3261C409400B80381 /* LoginViewController.swift in Sources */,
				3673DA75261CA5C90023A2BC /* PasswordRecoveryViewModel.swift in Sources */,
				3673DA6B261CA4CA0023A2BC /* LoginViewModel.swift in Sources */,
				36E04576261DAE3300A94507 /* AppCoordinator.swift in Sources */,
				36E0457E261DE08E00A94507 /* Drawable+Protocol.swift in Sources */,
				366762D6261C40C200B80381 /* UIUtilities.swift in Sources */,
				36F666E7261F1D3400126898 /* TabBarPage.swift in Sources */,
				36E04581261DE0DF00A94507 /* Router+Protocol.swift in Sources */,
				36E04585261DE12400A94507 /* Router.swift in Sources */,
				3618D50F26202E3C00F9F339 /* ArtistsCoordinator.swift in Sources */,
				36E0457B261DB46800A94507 /* RegistrationCoordinator.swift in Sources */,
				3673DA72261CA5BA0023A2BC /* RegistrationViewModel.swift in Sources */,
				3673DA6F261CA5230023A2BC /* ViewModelType+Protocol.swift in Sources */,
				366762E4261C458A00B80381 /* PasswordRecoveryViewController.swift in Sources */,
				3639039B261C6DEA0038DC2E /* R.generated.swift in Sources */,
				36E0458A261DEE2400A94507 /* PasswordRecoveryCoordinator.swift in Sources */,
				36F666D8261F16DC00126898 /* SongsViewController.swift in Sources */,
				364C5142261C39B8004986DE /* Constants.swift in Sources */,
				36C8616D261DA2670026E696 /* LoginCoordinator.swift in Sources */,
				3618D52D262049A800F9F339 /* ProfileViewModel.swift in Sources */,
				3618D51726202E5C00F9F339 /* AlbumsCoordinator.swift in Sources */,
				3618D50C26202E0E00F9F339 /* SongsCoordinator.swift in Sources */,
			);
			runOnlyForDeploymentPostprocessing = 0;
		};
/* End PBXSourcesBuildPhase section */

/* Begin PBXVariantGroup section */
		363903A5261C79450038DC2E /* Localizable.strings */ = {
			isa = PBXVariantGroup;
			children = (
				363903A6261C79480038DC2E /* en */,
				363903A9261C81BB0038DC2E /* ja */,
			);
			name = Localizable.strings;
			sourceTree = "<group>";
		};
		365B42A9261B1EA7008474D1 /* LaunchScreen.storyboard */ = {
			isa = PBXVariantGroup;
			children = (
				365B42AA261B1EA7008474D1 /* Base */,
				363903A8261C81BB0038DC2E /* ja */,
			);
			name = LaunchScreen.storyboard;
			sourceTree = "<group>";
		};
/* End PBXVariantGroup section */

/* Begin XCBuildConfiguration section */
		365B42AD261B1EA7008474D1 /* Debug */ = {
			isa = XCBuildConfiguration;
			buildSettings = {
				ALWAYS_SEARCH_USER_PATHS = NO;
				CLANG_ANALYZER_LOCALIZABILITY_NONLOCALIZED = YES;
				CLANG_ANALYZER_NONNULL = YES;
				CLANG_ANALYZER_NUMBER_OBJECT_CONVERSION = YES_AGGRESSIVE;
				CLANG_CXX_LANGUAGE_STANDARD = "gnu++14";
				CLANG_CXX_LIBRARY = "libc++";
				CLANG_ENABLE_MODULES = YES;
				CLANG_ENABLE_OBJC_ARC = YES;
				CLANG_ENABLE_OBJC_WEAK = YES;
				CLANG_WARN_BLOCK_CAPTURE_AUTORELEASING = YES;
				CLANG_WARN_BOOL_CONVERSION = YES;
				CLANG_WARN_COMMA = YES;
				CLANG_WARN_CONSTANT_CONVERSION = YES;
				CLANG_WARN_DEPRECATED_OBJC_IMPLEMENTATIONS = YES;
				CLANG_WARN_DIRECT_OBJC_ISA_USAGE = YES_ERROR;
				CLANG_WARN_DOCUMENTATION_COMMENTS = YES;
				CLANG_WARN_EMPTY_BODY = YES;
				CLANG_WARN_ENUM_CONVERSION = YES;
				CLANG_WARN_INFINITE_RECURSION = YES;
				CLANG_WARN_INT_CONVERSION = YES;
				CLANG_WARN_NON_LITERAL_NULL_CONVERSION = YES;
				CLANG_WARN_OBJC_IMPLICIT_RETAIN_SELF = YES;
				CLANG_WARN_OBJC_LITERAL_CONVERSION = YES;
				CLANG_WARN_OBJC_ROOT_CLASS = YES_ERROR;
				CLANG_WARN_QUOTED_INCLUDE_IN_FRAMEWORK_HEADER = YES;
				CLANG_WARN_RANGE_LOOP_ANALYSIS = YES;
				CLANG_WARN_STRICT_PROTOTYPES = YES;
				CLANG_WARN_SUSPICIOUS_MOVE = YES;
				CLANG_WARN_UNGUARDED_AVAILABILITY = YES_AGGRESSIVE;
				CLANG_WARN_UNREACHABLE_CODE = YES;
				CLANG_WARN__DUPLICATE_METHOD_MATCH = YES;
				COPY_PHASE_STRIP = NO;
				DEBUG_INFORMATION_FORMAT = dwarf;
				ENABLE_STRICT_OBJC_MSGSEND = YES;
				ENABLE_TESTABILITY = YES;
				GCC_C_LANGUAGE_STANDARD = gnu11;
				GCC_DYNAMIC_NO_PIC = NO;
				GCC_NO_COMMON_BLOCKS = YES;
				GCC_OPTIMIZATION_LEVEL = 0;
				GCC_PREPROCESSOR_DEFINITIONS = (
					"DEBUG=1",
					"$(inherited)",
				);
				GCC_WARN_64_TO_32_BIT_CONVERSION = YES;
				GCC_WARN_ABOUT_RETURN_TYPE = YES_ERROR;
				GCC_WARN_UNDECLARED_SELECTOR = YES;
				GCC_WARN_UNINITIALIZED_AUTOS = YES_AGGRESSIVE;
				GCC_WARN_UNUSED_FUNCTION = YES;
				GCC_WARN_UNUSED_VARIABLE = YES;
				IPHONEOS_DEPLOYMENT_TARGET = 14.3;
				MTL_ENABLE_DEBUG_INFO = INCLUDE_SOURCE;
				MTL_FAST_MATH = YES;
				ONLY_ACTIVE_ARCH = YES;
				SDKROOT = iphoneos;
				SWIFT_ACTIVE_COMPILATION_CONDITIONS = DEBUG;
				SWIFT_OPTIMIZATION_LEVEL = "-Onone";
			};
			name = Debug;
		};
		365B42AE261B1EA7008474D1 /* Release */ = {
			isa = XCBuildConfiguration;
			buildSettings = {
				ALWAYS_SEARCH_USER_PATHS = NO;
				CLANG_ANALYZER_LOCALIZABILITY_NONLOCALIZED = YES;
				CLANG_ANALYZER_NONNULL = YES;
				CLANG_ANALYZER_NUMBER_OBJECT_CONVERSION = YES_AGGRESSIVE;
				CLANG_CXX_LANGUAGE_STANDARD = "gnu++14";
				CLANG_CXX_LIBRARY = "libc++";
				CLANG_ENABLE_MODULES = YES;
				CLANG_ENABLE_OBJC_ARC = YES;
				CLANG_ENABLE_OBJC_WEAK = YES;
				CLANG_WARN_BLOCK_CAPTURE_AUTORELEASING = YES;
				CLANG_WARN_BOOL_CONVERSION = YES;
				CLANG_WARN_COMMA = YES;
				CLANG_WARN_CONSTANT_CONVERSION = YES;
				CLANG_WARN_DEPRECATED_OBJC_IMPLEMENTATIONS = YES;
				CLANG_WARN_DIRECT_OBJC_ISA_USAGE = YES_ERROR;
				CLANG_WARN_DOCUMENTATION_COMMENTS = YES;
				CLANG_WARN_EMPTY_BODY = YES;
				CLANG_WARN_ENUM_CONVERSION = YES;
				CLANG_WARN_INFINITE_RECURSION = YES;
				CLANG_WARN_INT_CONVERSION = YES;
				CLANG_WARN_NON_LITERAL_NULL_CONVERSION = YES;
				CLANG_WARN_OBJC_IMPLICIT_RETAIN_SELF = YES;
				CLANG_WARN_OBJC_LITERAL_CONVERSION = YES;
				CLANG_WARN_OBJC_ROOT_CLASS = YES_ERROR;
				CLANG_WARN_QUOTED_INCLUDE_IN_FRAMEWORK_HEADER = YES;
				CLANG_WARN_RANGE_LOOP_ANALYSIS = YES;
				CLANG_WARN_STRICT_PROTOTYPES = YES;
				CLANG_WARN_SUSPICIOUS_MOVE = YES;
				CLANG_WARN_UNGUARDED_AVAILABILITY = YES_AGGRESSIVE;
				CLANG_WARN_UNREACHABLE_CODE = YES;
				CLANG_WARN__DUPLICATE_METHOD_MATCH = YES;
				COPY_PHASE_STRIP = NO;
				DEBUG_INFORMATION_FORMAT = "dwarf-with-dsym";
				ENABLE_NS_ASSERTIONS = NO;
				ENABLE_STRICT_OBJC_MSGSEND = YES;
				GCC_C_LANGUAGE_STANDARD = gnu11;
				GCC_NO_COMMON_BLOCKS = YES;
				GCC_WARN_64_TO_32_BIT_CONVERSION = YES;
				GCC_WARN_ABOUT_RETURN_TYPE = YES_ERROR;
				GCC_WARN_UNDECLARED_SELECTOR = YES;
				GCC_WARN_UNINITIALIZED_AUTOS = YES_AGGRESSIVE;
				GCC_WARN_UNUSED_FUNCTION = YES;
				GCC_WARN_UNUSED_VARIABLE = YES;
				IPHONEOS_DEPLOYMENT_TARGET = 14.3;
				MTL_ENABLE_DEBUG_INFO = NO;
				MTL_FAST_MATH = YES;
				SDKROOT = iphoneos;
				SWIFT_COMPILATION_MODE = wholemodule;
				SWIFT_OPTIMIZATION_LEVEL = "-O";
				VALIDATE_PRODUCT = YES;
			};
			name = Release;
		};
		365B42B0261B1EA7008474D1 /* Debug */ = {
			isa = XCBuildConfiguration;
			baseConfigurationReference = C229E8415B33EB9D145B26E3 /* Pods-Musification.debug.xcconfig */;
			buildSettings = {
				ASSETCATALOG_COMPILER_APPICON_NAME = AppIcon;
				ASSETCATALOG_COMPILER_GLOBAL_ACCENT_COLOR_NAME = AccentColor;
				CODE_SIGN_STYLE = Automatic;
				DEVELOPMENT_TEAM = WQ74PM97F4;
				INFOPLIST_FILE = Musification/Info.plist;
				LD_RUNPATH_SEARCH_PATHS = (
					"$(inherited)",
					"@executable_path/Frameworks",
				);
				PRODUCT_BUNDLE_IDENTIFIER = vlad.novik.Musification;
				PRODUCT_NAME = "$(TARGET_NAME)";
				SWIFT_VERSION = 5.0;
				TARGETED_DEVICE_FAMILY = "1,2";
			};
			name = Debug;
		};
		365B42B1261B1EA7008474D1 /* Release */ = {
			isa = XCBuildConfiguration;
			baseConfigurationReference = 003D93B27E1C95B7183F8AB1 /* Pods-Musification.release.xcconfig */;
			buildSettings = {
				ASSETCATALOG_COMPILER_APPICON_NAME = AppIcon;
				ASSETCATALOG_COMPILER_GLOBAL_ACCENT_COLOR_NAME = AccentColor;
				CODE_SIGN_STYLE = Automatic;
				DEVELOPMENT_TEAM = WQ74PM97F4;
				INFOPLIST_FILE = Musification/Info.plist;
				LD_RUNPATH_SEARCH_PATHS = (
					"$(inherited)",
					"@executable_path/Frameworks",
				);
				PRODUCT_BUNDLE_IDENTIFIER = vlad.novik.Musification;
				PRODUCT_NAME = "$(TARGET_NAME)";
				SWIFT_VERSION = 5.0;
				TARGETED_DEVICE_FAMILY = "1,2";
			};
			name = Release;
		};
/* End XCBuildConfiguration section */

/* Begin XCConfigurationList section */
		365B4296261B1E9F008474D1 /* Build configuration list for PBXProject "Musification" */ = {
			isa = XCConfigurationList;
			buildConfigurations = (
				365B42AD261B1EA7008474D1 /* Debug */,
				365B42AE261B1EA7008474D1 /* Release */,
			);
			defaultConfigurationIsVisible = 0;
			defaultConfigurationName = Release;
		};
		365B42AF261B1EA7008474D1 /* Build configuration list for PBXNativeTarget "Musification" */ = {
			isa = XCConfigurationList;
			buildConfigurations = (
				365B42B0261B1EA7008474D1 /* Debug */,
				365B42B1261B1EA7008474D1 /* Release */,
			);
			defaultConfigurationIsVisible = 0;
			defaultConfigurationName = Release;
		};
/* End XCConfigurationList section */
	};
	rootObject = 365B4293261B1E9F008474D1 /* Project object */;
}
