// !$*UTF8*$!
{
	archiveVersion = 1;
	classes = {
	};
	objectVersion = 50;
	objects = {

/* Begin PBXBuildFile section */
		364C5142261C39B8004986DE /* Constants.swift in Sources */ = {isa = PBXBuildFile; fileRef = 364C5141261C39B8004986DE /* Constants.swift */; };
		364C5146261C39E6004986DE /* View+Extension.swift in Sources */ = {isa = PBXBuildFile; fileRef = 364C5145261C39E6004986DE /* View+Extension.swift */; };
		365B429F261B1E9F008474D1 /* AppDelegate.swift in Sources */ = {isa = PBXBuildFile; fileRef = 365B429E261B1E9F008474D1 /* AppDelegate.swift */; };
		365B42A1261B1E9F008474D1 /* SceneDelegate.swift in Sources */ = {isa = PBXBuildFile; fileRef = 365B42A0261B1E9F008474D1 /* SceneDelegate.swift */; };
		365B42A8261B1EA7008474D1 /* Assets.xcassets in Resources */ = {isa = PBXBuildFile; fileRef = 365B42A7261B1EA7008474D1 /* Assets.xcassets */; };
		365B42AB261B1EA7008474D1 /* LaunchScreen.storyboard in Resources */ = {isa = PBXBuildFile; fileRef = 365B42A9261B1EA7008474D1 /* LaunchScreen.storyboard */; };
		366762D3261C409400B80381 /* LoginViewController.swift in Sources */ = {isa = PBXBuildFile; fileRef = 366762D2261C409400B80381 /* LoginViewController.swift */; };
		366762D6261C40C200B80381 /* UIUtilities.swift in Sources */ = {isa = PBXBuildFile; fileRef = 366762D5261C40C200B80381 /* UIUtilities.swift */; };
		366762DA261C410800B80381 /* UIColor+Extension.swift in Sources */ = {isa = PBXBuildFile; fileRef = 366762D9261C410800B80381 /* UIColor+Extension.swift */; };
		366762DD261C413600B80381 /* UIViewController+Extension.swift in Sources */ = {isa = PBXBuildFile; fileRef = 366762DC261C413600B80381 /* UIViewController+Extension.swift */; };
		366762E1261C455100B80381 /* RegistrationViewController.swift in Sources */ = {isa = PBXBuildFile; fileRef = 366762E0261C455100B80381 /* RegistrationViewController.swift */; };
		366762E4261C458A00B80381 /* PasswordRecoveryViewController.swift in Sources */ = {isa = PBXBuildFile; fileRef = 366762E3261C458A00B80381 /* PasswordRecoveryViewController.swift */; };
/* End PBXBuildFile section */

/* Begin PBXFileReference section */
		364C5141261C39B8004986DE /* Constants.swift */ = {isa = PBXFileReference; lastKnownFileType = sourcecode.swift; path = Constants.swift; sourceTree = "<group>"; };
		364C5145261C39E6004986DE /* View+Extension.swift */ = {isa = PBXFileReference; lastKnownFileType = sourcecode.swift; path = "View+Extension.swift"; sourceTree = "<group>"; };
		365B429B261B1E9F008474D1 /* Musification.app */ = {isa = PBXFileReference; explicitFileType = wrapper.application; includeInIndex = 0; path = Musification.app; sourceTree = BUILT_PRODUCTS_DIR; };
		365B429E261B1E9F008474D1 /* AppDelegate.swift */ = {isa = PBXFileReference; lastKnownFileType = sourcecode.swift; path = AppDelegate.swift; sourceTree = "<group>"; };
		365B42A0261B1E9F008474D1 /* SceneDelegate.swift */ = {isa = PBXFileReference; lastKnownFileType = sourcecode.swift; path = SceneDelegate.swift; sourceTree = "<group>"; };
		365B42A7261B1EA7008474D1 /* Assets.xcassets */ = {isa = PBXFileReference; lastKnownFileType = folder.assetcatalog; path = Assets.xcassets; sourceTree = "<group>"; };
		365B42AA261B1EA7008474D1 /* Base */ = {isa = PBXFileReference; lastKnownFileType = file.storyboard; name = Base; path = Base.lproj/LaunchScreen.storyboard; sourceTree = "<group>"; };
		365B42AC261B1EA7008474D1 /* Info.plist */ = {isa = PBXFileReference; lastKnownFileType = text.plist.xml; path = Info.plist; sourceTree = "<group>"; };
		366762D2261C409400B80381 /* LoginViewController.swift */ = {isa = PBXFileReference; lastKnownFileType = sourcecode.swift; path = LoginViewController.swift; sourceTree = "<group>"; };
		366762D5261C40C200B80381 /* UIUtilities.swift */ = {isa = PBXFileReference; lastKnownFileType = sourcecode.swift; path = UIUtilities.swift; sourceTree = "<group>"; };
		366762D9261C410800B80381 /* UIColor+Extension.swift */ = {isa = PBXFileReference; lastKnownFileType = sourcecode.swift; path = "UIColor+Extension.swift"; sourceTree = "<group>"; };
		366762DC261C413600B80381 /* UIViewController+Extension.swift */ = {isa = PBXFileReference; lastKnownFileType = sourcecode.swift; path = "UIViewController+Extension.swift"; sourceTree = "<group>"; };
		366762E0261C455100B80381 /* RegistrationViewController.swift */ = {isa = PBXFileReference; lastKnownFileType = sourcecode.swift; path = RegistrationViewController.swift; sourceTree = "<group>"; };
		366762E3261C458A00B80381 /* PasswordRecoveryViewController.swift */ = {isa = PBXFileReference; lastKnownFileType = sourcecode.swift; path = PasswordRecoveryViewController.swift; sourceTree = "<group>"; };
/* End PBXFileReference section */

/* Begin PBXFrameworksBuildPhase section */
		365B4298261B1E9F008474D1 /* Frameworks */ = {
			isa = PBXFrameworksBuildPhase;
			buildActionMask = 2147483647;
			files = (
			);
			runOnlyForDeploymentPostprocessing = 0;
		};
/* End PBXFrameworksBuildPhase section */

/* Begin PBXGroup section */
		364C513A261C3900004986DE /* Application */ = {
			isa = PBXGroup;
			children = (
				365B429E261B1E9F008474D1 /* AppDelegate.swift */,
				365B42A0261B1E9F008474D1 /* SceneDelegate.swift */,
			);
			path = Application;
			sourceTree = "<group>";
		};
		364C513B261C390D004986DE /* ViewModel */ = {
			isa = PBXGroup;
			children = (
			);
			path = ViewModel;
			sourceTree = "<group>";
		};
		364C513C261C3919004986DE /* View */ = {
			isa = PBXGroup;
			children = (
				366762DF261C44E400B80381 /* AccountScreens */,
			);
			path = View;
			sourceTree = "<group>";
		};
		364C513D261C3925004986DE /* Model */ = {
			isa = PBXGroup;
			children = (
			);
			path = Model;
			sourceTree = "<group>";
		};
		364C513E261C3945004986DE /* Extensions */ = {
			isa = PBXGroup;
			children = (
				364C5145261C39E6004986DE /* View+Extension.swift */,
				366762D9261C410800B80381 /* UIColor+Extension.swift */,
				366762DC261C413600B80381 /* UIViewController+Extension.swift */,
			);
			path = Extensions;
			sourceTree = "<group>";
		};
		364C5140261C3969004986DE /* Utilities */ = {
			isa = PBXGroup;
			children = (
				366762D5261C40C200B80381 /* UIUtilities.swift */,
				364C5141261C39B8004986DE /* Constants.swift */,
			);
			path = Utilities;
			sourceTree = "<group>";
		};
		365B4292261B1E9F008474D1 = {
			isa = PBXGroup;
			children = (
				365B429D261B1E9F008474D1 /* Musification */,
				365B429C261B1E9F008474D1 /* Products */,
			);
			sourceTree = "<group>";
		};
		365B429C261B1E9F008474D1 /* Products */ = {
			isa = PBXGroup;
			children = (
				365B429B261B1E9F008474D1 /* Musification.app */,
			);
			name = Products;
			sourceTree = "<group>";
		};
		365B429D261B1E9F008474D1 /* Musification */ = {
			isa = PBXGroup;
			children = (
				364C513A261C3900004986DE /* Application */,
				364C513D261C3925004986DE /* Model */,
				364C513C261C3919004986DE /* View */,
				364C513B261C390D004986DE /* ViewModel */,
				364C513E261C3945004986DE /* Extensions */,
				364C5140261C3969004986DE /* Utilities */,
				365B42A7261B1EA7008474D1 /* Assets.xcassets */,
				365B42A9261B1EA7008474D1 /* LaunchScreen.storyboard */,
				365B42AC261B1EA7008474D1 /* Info.plist */,
			);
			path = Musification;
			sourceTree = "<group>";
		};
		366762DF261C44E400B80381 /* AccountScreens */ = {
			isa = PBXGroup;
			children = (
				366762D2261C409400B80381 /* LoginViewController.swift */,
				366762E0261C455100B80381 /* RegistrationViewController.swift */,
				366762E3261C458A00B80381 /* PasswordRecoveryViewController.swift */,
			);
			path = AccountScreens;
			sourceTree = "<group>";
		};
/* End PBXGroup section */

/* Begin PBXNativeTarget section */
		365B429A261B1E9F008474D1 /* Musification */ = {
			isa = PBXNativeTarget;
			buildConfigurationList = 365B42AF261B1EA7008474D1 /* Build configuration list for PBXNativeTarget "Musification" */;
			buildPhases = (
				365B4297261B1E9F008474D1 /* Sources */,
				365B4298261B1E9F008474D1 /* Frameworks */,
				365B4299261B1E9F008474D1 /* Resources */,
			);
			buildRules = (
			);
			dependencies = (
			);
			name = Musification;
			productName = Musification;
			productReference = 365B429B261B1E9F008474D1 /* Musification.app */;
			productType = "com.apple.product-type.application";
		};
/* End PBXNativeTarget section */

/* Begin PBXProject section */
		365B4293261B1E9F008474D1 /* Project object */ = {
			isa = PBXProject;
			attributes = {
				LastSwiftUpdateCheck = 1230;
				LastUpgradeCheck = 1230;
				TargetAttributes = {
					365B429A261B1E9F008474D1 = {
						CreatedOnToolsVersion = 12.3;
					};
				};
			};
			buildConfigurationList = 365B4296261B1E9F008474D1 /* Build configuration list for PBXProject "Musification" */;
			compatibilityVersion = "Xcode 9.3";
			developmentRegion = en;
			hasScannedForEncodings = 0;
			knownRegions = (
				en,
				Base,
			);
			mainGroup = 365B4292261B1E9F008474D1;
			productRefGroup = 365B429C261B1E9F008474D1 /* Products */;
			projectDirPath = "";
			projectRoot = "";
			targets = (
				365B429A261B1E9F008474D1 /* Musification */,
			);
		};
/* End PBXProject section */

/* Begin PBXResourcesBuildPhase section */
		365B4299261B1E9F008474D1 /* Resources */ = {
			isa = PBXResourcesBuildPhase;
			buildActionMask = 2147483647;
			files = (
				365B42AB261B1EA7008474D1 /* LaunchScreen.storyboard in Resources */,
				365B42A8261B1EA7008474D1 /* Assets.xcassets in Resources */,
			);
			runOnlyForDeploymentPostprocessing = 0;
		};
/* End PBXResourcesBuildPhase section */

/* Begin PBXSourcesBuildPhase section */
		365B4297261B1E9F008474D1 /* Sources */ = {
			isa = PBXSourcesBuildPhase;
			buildActionMask = 2147483647;
			files = (
				366762DD261C413600B80381 /* UIViewController+Extension.swift in Sources */,
				366762DA261C410800B80381 /* UIColor+Extension.swift in Sources */,
				365B429F261B1E9F008474D1 /* AppDelegate.swift in Sources */,
				366762E1261C455100B80381 /* RegistrationViewController.swift in Sources */,
				365B42A1261B1E9F008474D1 /* SceneDelegate.swift in Sources */,
				364C5146261C39E6004986DE /* View+Extension.swift in Sources */,
				366762D3261C409400B80381 /* LoginViewController.swift in Sources */,
				366762D6261C40C200B80381 /* UIUtilities.swift in Sources */,
				366762E4261C458A00B80381 /* PasswordRecoveryViewController.swift in Sources */,
				364C5142261C39B8004986DE /* Constants.swift in Sources */,
			);
			runOnlyForDeploymentPostprocessing = 0;
		};
/* End PBXSourcesBuildPhase section */

/* Begin PBXVariantGroup section */
		365B42A9261B1EA7008474D1 /* LaunchScreen.storyboard */ = {
			isa = PBXVariantGroup;
			children = (
				365B42AA261B1EA7008474D1 /* Base */,
			);
			name = LaunchScreen.storyboard;
			sourceTree = "<group>";
		};
/* End PBXVariantGroup section */

/* Begin XCBuildConfiguration section */
		365B42AD261B1EA7008474D1 /* Debug */ = {
			isa = XCBuildConfiguration;
			buildSettings = {
				ALWAYS_SEARCH_USER_PATHS = NO;
				CLANG_ANALYZER_NONNULL = YES;
				CLANG_ANALYZER_NUMBER_OBJECT_CONVERSION = YES_AGGRESSIVE;
				CLANG_CXX_LANGUAGE_STANDARD = "gnu++14";
				CLANG_CXX_LIBRARY = "libc++";
				CLANG_ENABLE_MODULES = YES;
				CLANG_ENABLE_OBJC_ARC = YES;
				CLANG_ENABLE_OBJC_WEAK = YES;
				CLANG_WARN_BLOCK_CAPTURE_AUTORELEASING = YES;
				CLANG_WARN_BOOL_CONVERSION = YES;
				CLANG_WARN_COMMA = YES;
				CLANG_WARN_CONSTANT_CONVERSION = YES;
				CLANG_WARN_DEPRECATED_OBJC_IMPLEMENTATIONS = YES;
				CLANG_WARN_DIRECT_OBJC_ISA_USAGE = YES_ERROR;
				CLANG_WARN_DOCUMENTATION_COMMENTS = YES;
				CLANG_WARN_EMPTY_BODY = YES;
				CLANG_WARN_ENUM_CONVERSION = YES;
				CLANG_WARN_INFINITE_RECURSION = YES;
				CLANG_WARN_INT_CONVERSION = YES;
				CLANG_WARN_NON_LITERAL_NULL_CONVERSION = YES;
				CLANG_WARN_OBJC_IMPLICIT_RETAIN_SELF = YES;
				CLANG_WARN_OBJC_LITERAL_CONVERSION = YES;
				CLANG_WARN_OBJC_ROOT_CLASS = YES_ERROR;
				CLANG_WARN_QUOTED_INCLUDE_IN_FRAMEWORK_HEADER = YES;
				CLANG_WARN_RANGE_LOOP_ANALYSIS = YES;
				CLANG_WARN_STRICT_PROTOTYPES = YES;
				CLANG_WARN_SUSPICIOUS_MOVE = YES;
				CLANG_WARN_UNGUARDED_AVAILABILITY = YES_AGGRESSIVE;
				CLANG_WARN_UNREACHABLE_CODE = YES;
				CLANG_WARN__DUPLICATE_METHOD_MATCH = YES;
				COPY_PHASE_STRIP = NO;
				DEBUG_INFORMATION_FORMAT = dwarf;
				ENABLE_STRICT_OBJC_MSGSEND = YES;
				ENABLE_TESTABILITY = YES;
				GCC_C_LANGUAGE_STANDARD = gnu11;
				GCC_DYNAMIC_NO_PIC = NO;
				GCC_NO_COMMON_BLOCKS = YES;
				GCC_OPTIMIZATION_LEVEL = 0;
				GCC_PREPROCESSOR_DEFINITIONS = (
					"DEBUG=1",
					"$(inherited)",
				);
				GCC_WARN_64_TO_32_BIT_CONVERSION = YES;
				GCC_WARN_ABOUT_RETURN_TYPE = YES_ERROR;
				GCC_WARN_UNDECLARED_SELECTOR = YES;
				GCC_WARN_UNINITIALIZED_AUTOS = YES_AGGRESSIVE;
				GCC_WARN_UNUSED_FUNCTION = YES;
				GCC_WARN_UNUSED_VARIABLE = YES;
				IPHONEOS_DEPLOYMENT_TARGET = 14.3;
				MTL_ENABLE_DEBUG_INFO = INCLUDE_SOURCE;
				MTL_FAST_MATH = YES;
				ONLY_ACTIVE_ARCH = YES;
				SDKROOT = iphoneos;
				SWIFT_ACTIVE_COMPILATION_CONDITIONS = DEBUG;
				SWIFT_OPTIMIZATION_LEVEL = "-Onone";
			};
			name = Debug;
		};
		365B42AE261B1EA7008474D1 /* Release */ = {
			isa = XCBuildConfiguration;
			buildSettings = {
				ALWAYS_SEARCH_USER_PATHS = NO;
				CLANG_ANALYZER_NONNULL = YES;
				CLANG_ANALYZER_NUMBER_OBJECT_CONVERSION = YES_AGGRESSIVE;
				CLANG_CXX_LANGUAGE_STANDARD = "gnu++14";
				CLANG_CXX_LIBRARY = "libc++";
				CLANG_ENABLE_MODULES = YES;
				CLANG_ENABLE_OBJC_ARC = YES;
				CLANG_ENABLE_OBJC_WEAK = YES;
				CLANG_WARN_BLOCK_CAPTURE_AUTORELEASING = YES;
				CLANG_WARN_BOOL_CONVERSION = YES;
				CLANG_WARN_COMMA = YES;
				CLANG_WARN_CONSTANT_CONVERSION = YES;
				CLANG_WARN_DEPRECATED_OBJC_IMPLEMENTATIONS = YES;
				CLANG_WARN_DIRECT_OBJC_ISA_USAGE = YES_ERROR;
				CLANG_WARN_DOCUMENTATION_COMMENTS = YES;
				CLANG_WARN_EMPTY_BODY = YES;
				CLANG_WARN_ENUM_CONVERSION = YES;
				CLANG_WARN_INFINITE_RECURSION = YES;
				CLANG_WARN_INT_CONVERSION = YES;
				CLANG_WARN_NON_LITERAL_NULL_CONVERSION = YES;
				CLANG_WARN_OBJC_IMPLICIT_RETAIN_SELF = YES;
				CLANG_WARN_OBJC_LITERAL_CONVERSION = YES;
				CLANG_WARN_OBJC_ROOT_CLASS = YES_ERROR;
				CLANG_WARN_QUOTED_INCLUDE_IN_FRAMEWORK_HEADER = YES;
				CLANG_WARN_RANGE_LOOP_ANALYSIS = YES;
				CLANG_WARN_STRICT_PROTOTYPES = YES;
				CLANG_WARN_SUSPICIOUS_MOVE = YES;
				CLANG_WARN_UNGUARDED_AVAILABILITY = YES_AGGRESSIVE;
				CLANG_WARN_UNREACHABLE_CODE = YES;
				CLANG_WARN__DUPLICATE_METHOD_MATCH = YES;
				COPY_PHASE_STRIP = NO;
				DEBUG_INFORMATION_FORMAT = "dwarf-with-dsym";
				ENABLE_NS_ASSERTIONS = NO;
				ENABLE_STRICT_OBJC_MSGSEND = YES;
				GCC_C_LANGUAGE_STANDARD = gnu11;
				GCC_NO_COMMON_BLOCKS = YES;
				GCC_WARN_64_TO_32_BIT_CONVERSION = YES;
				GCC_WARN_ABOUT_RETURN_TYPE = YES_ERROR;
				GCC_WARN_UNDECLARED_SELECTOR = YES;
				GCC_WARN_UNINITIALIZED_AUTOS = YES_AGGRESSIVE;
				GCC_WARN_UNUSED_FUNCTION = YES;
				GCC_WARN_UNUSED_VARIABLE = YES;
				IPHONEOS_DEPLOYMENT_TARGET = 14.3;
				MTL_ENABLE_DEBUG_INFO = NO;
				MTL_FAST_MATH = YES;
				SDKROOT = iphoneos;
				SWIFT_COMPILATION_MODE = wholemodule;
				SWIFT_OPTIMIZATION_LEVEL = "-O";
				VALIDATE_PRODUCT = YES;
			};
			name = Release;
		};
		365B42B0261B1EA7008474D1 /* Debug */ = {
			isa = XCBuildConfiguration;
			buildSettings = {
				ASSETCATALOG_COMPILER_APPICON_NAME = AppIcon;
				ASSETCATALOG_COMPILER_GLOBAL_ACCENT_COLOR_NAME = AccentColor;
				CODE_SIGN_STYLE = Automatic;
				DEVELOPMENT_TEAM = WQ74PM97F4;
				INFOPLIST_FILE = Musification/Info.plist;
				LD_RUNPATH_SEARCH_PATHS = (
					"$(inherited)",
					"@executable_path/Frameworks",
				);
				PRODUCT_BUNDLE_IDENTIFIER = vlad.novik.Musification;
				PRODUCT_NAME = "$(TARGET_NAME)";
				SWIFT_VERSION = 5.0;
				TARGETED_DEVICE_FAMILY = "1,2";
			};
			name = Debug;
		};
		365B42B1261B1EA7008474D1 /* Release */ = {
			isa = XCBuildConfiguration;
			buildSettings = {
				ASSETCATALOG_COMPILER_APPICON_NAME = AppIcon;
				ASSETCATALOG_COMPILER_GLOBAL_ACCENT_COLOR_NAME = AccentColor;
				CODE_SIGN_STYLE = Automatic;
				DEVELOPMENT_TEAM = WQ74PM97F4;
				INFOPLIST_FILE = Musification/Info.plist;
				LD_RUNPATH_SEARCH_PATHS = (
					"$(inherited)",
					"@executable_path/Frameworks",
				);
				PRODUCT_BUNDLE_IDENTIFIER = vlad.novik.Musification;
				PRODUCT_NAME = "$(TARGET_NAME)";
				SWIFT_VERSION = 5.0;
				TARGETED_DEVICE_FAMILY = "1,2";
			};
			name = Release;
		};
/* End XCBuildConfiguration section */

/* Begin XCConfigurationList section */
		365B4296261B1E9F008474D1 /* Build configuration list for PBXProject "Musification" */ = {
			isa = XCConfigurationList;
			buildConfigurations = (
				365B42AD261B1EA7008474D1 /* Debug */,
				365B42AE261B1EA7008474D1 /* Release */,
			);
			defaultConfigurationIsVisible = 0;
			defaultConfigurationName = Release;
		};
		365B42AF261B1EA7008474D1 /* Build configuration list for PBXNativeTarget "Musification" */ = {
			isa = XCConfigurationList;
			buildConfigurations = (
				365B42B0261B1EA7008474D1 /* Debug */,
				365B42B1261B1EA7008474D1 /* Release */,
			);
			defaultConfigurationIsVisible = 0;
			defaultConfigurationName = Release;
		};
/* End XCConfigurationList section */
	};
	rootObject = 365B4293261B1E9F008474D1 /* Project object */;
}
